{
	"name": "pptxgenjs-node-demo",
	"version": "3.1.0",
	"lockfileVersion": 1,
	"requires": true,
	"dependencies": {
		"asap": {
			"version": "2.0.6",
			"resolved": "https://registry.npmjs.org/asap/-/asap-2.0.6.tgz",
			"integrity": "sha1-5QNHYR1+aQlDIIu9r+vLwvuGbUY="
		},
		"core-js": {
			"version": "2.6.11",
			"resolved": "https://registry.npmjs.org/core-js/-/core-js-2.6.11.tgz",
			"integrity": "sha1-OIMUafmSK97Y7iHJ3EaYXgOZMIw="
		},
		"core-util-is": {
			"version": "1.0.2",
			"resolved": "https://registry.npmjs.org/core-util-is/-/core-util-is-1.0.2.tgz",
			"integrity": "sha1-tf1UIgqivFq1eqtxQMlAdUUDwac="
		},
		"draft-js": {
			"version": "0.11.4",
			"resolved": "https://registry.npmjs.org/draft-js/-/draft-js-0.11.4.tgz",
			"integrity": "sha1-5IeCuWuQpcFPLLNMFkwqGjWdikg=",
			"requires": {
				"fbjs": "^1.0.0",
				"immutable": "~3.7.4",
				"object-assign": "^4.1.1"
			}
		},
		"draft.js": {
			"version": "0.2.0",
			"resolved": "https://registry.npmjs.org/draft.js/-/draft.js-0.2.0.tgz",
			"integrity": "sha1-8BpFlSKwhsBYCA71HvK8u60ISeI="
		},
		"encoding": {
			"version": "0.1.12",
			"resolved": "https://registry.npmjs.org/encoding/-/encoding-0.1.12.tgz",
			"integrity": "sha1-U4tm8+5izRq1HsMjgp0flIDHS+s=",
			"requires": {
				"iconv-lite": "~0.4.13"
			}
		},
		"fbjs": {
			"version": "1.0.0",
			"resolved": "https://registry.npmjs.org/fbjs/-/fbjs-1.0.0.tgz",
			"integrity": "sha1-UsIV4Ig6PIavKnp3btUVJa6OClo=",
			"requires": {
				"core-js": "^2.4.1",
				"fbjs-css-vars": "^1.0.0",
				"isomorphic-fetch": "^2.1.1",
				"loose-envify": "^1.0.0",
				"object-assign": "^4.1.0",
				"promise": "^7.1.1",
				"setimmediate": "^1.0.5",
				"ua-parser-js": "^0.7.18"
			}
		},
		"fbjs-css-vars": {
			"version": "1.0.2",
			"resolved": "https://registry.npmjs.org/fbjs-css-vars/-/fbjs-css-vars-1.0.2.tgz",
			"integrity": "sha1-IWVRE2rgL+JVkyw+yHdfGOLAeLg="
		},
		"https": {
			"version": "1.0.0",
			"resolved": "https://registry.npmjs.org/https/-/https-1.0.0.tgz",
			"integrity": "sha1-PDfHrhqO65ZpBKKtHpdaGUt+06Q="
		},
		"iconv-lite": {
			"version": "0.4.24",
			"resolved": "https://registry.npmjs.org/iconv-lite/-/iconv-lite-0.4.24.tgz",
			"integrity": "sha1-ICK0sl+93CHS9SSXSkdKr+czkIs=",
			"requires": {
				"safer-buffer": ">= 2.1.2 < 3"
			}
		},
		"image-size": {
			"version": "0.8.3",
			"resolved": "https://registry.npmjs.org/image-size/-/image-size-0.8.3.tgz",
			"integrity": "sha1-8LVohX4DTym6/9NwE1h/LAyti0Y=",
			"requires": {
				"queue": "6.0.1"
			}
		},
		"immediate": {
			"version": "3.0.6",
			"resolved": "https://registry.npmjs.org/immediate/-/immediate-3.0.6.tgz",
			"integrity": "sha1-nbHb0Pr43m++D13V5Wu2BigN5ps="
		},
		"immutable": {
			"version": "3.7.6",
			"resolved": "https://registry.npmjs.org/immutable/-/immutable-3.7.6.tgz",
			"integrity": "sha1-E7TTyxK++hVIKib+Gy665kAHHks="
		},
		"inherits": {
			"version": "2.0.4",
			"resolved": "https://registry.npmjs.org/inherits/-/inherits-2.0.4.tgz",
			"integrity": "sha1-D6LGT5MpF8NDOg3tVTY6rjdBa3w="
		},
		"is-stream": {
			"version": "1.1.0",
			"resolved": "https://registry.npmjs.org/is-stream/-/is-stream-1.1.0.tgz",
			"integrity": "sha1-EtSj3U5o4Lec6428hBc66A2RykQ="
		},
		"isarray": {
			"version": "1.0.0",
			"resolved": "https://registry.npmjs.org/isarray/-/isarray-1.0.0.tgz",
			"integrity": "sha1-u5NdSFgsuhaMBoNJV6VKPgcSTxE="
		},
		"isomorphic-fetch": {
			"version": "2.2.1",
			"resolved": "https://registry.npmjs.org/isomorphic-fetch/-/isomorphic-fetch-2.2.1.tgz",
			"integrity": "sha1-YRrhrPFPXoH3KVB0coGf6XM1WKk=",
			"requires": {
				"node-fetch": "^1.0.1",
				"whatwg-fetch": ">=0.10.0"
			}
		},
		"js-tokens": {
			"version": "4.0.0",
			"resolved": "https://registry.npmjs.org/js-tokens/-/js-tokens-4.0.0.tgz",
			"integrity": "sha1-GSA/tZmR35jjoocFDUZHzerzJJk="
		},
		"jszip": {
			"version": "3.2.2",
			"resolved": "https://registry.npmjs.org/jszip/-/jszip-3.2.2.tgz",
			"integrity": "sha1-sUOBbffhBqlZepTHdJM4WtylvR0=",
			"requires": {
				"lie": "~3.3.0",
				"pako": "~1.0.2",
				"readable-stream": "~2.3.6",
				"set-immediate-shim": "~1.0.1"
			}
		},
		"lie": {
			"version": "3.3.0",
			"resolved": "https://registry.npmjs.org/lie/-/lie-3.3.0.tgz",
			"integrity": "sha1-3Pgt7lRfRgdNryAMfBxaCOD0D2o=",
			"requires": {
				"immediate": "~3.0.5"
			}
		},
		"loose-envify": {
			"version": "1.4.0",
			"resolved": "https://registry.npmjs.org/loose-envify/-/loose-envify-1.4.0.tgz",
			"integrity": "sha1-ce5R+nvkyuwaY4OffmgtgTLTDK8=",
			"requires": {
				"js-tokens": "^3.0.0 || ^4.0.0"
			}
		},
		"node-fetch": {
			"version": "1.7.3",
			"resolved": "https://registry.npmjs.org/node-fetch/-/node-fetch-1.7.3.tgz",
			"integrity": "sha1-mA9vcthSEaU0fGsrwYxbhMPrR+8=",
			"requires": {
				"encoding": "^0.1.11",
				"is-stream": "^1.0.1"
			}
		},
		"object-assign": {
			"version": "4.1.1",
			"resolved": "https://registry.npmjs.org/object-assign/-/object-assign-4.1.1.tgz",
			"integrity": "sha1-IQmtx5ZYh8/AXLvUQsrIv7s2CGM="
		},
		"pako": {
			"version": "1.0.11",
			"resolved": "https://registry.npmjs.org/pako/-/pako-1.0.11.tgz",
			"integrity": "sha1-bJWZ00DVTf05RjgCUqNXBaa5kr8="
		},
		"pptxgenjs": {
			"version": "3.1.1",
			"resolved": "https://registry.npmjs.org/pptxgenjs/-/pptxgenjs-3.1.1.tgz",
			"integrity": "sha1-O02GrJQ8vo6LH38ghcfkNmKMg58=",
			"requires": {
				"https": "^1.0.0",
				"image-size": "^0.8.3",
				"jszip": "^3.2.2"
			}
		},
		"process-nextick-args": {
			"version": "2.0.1",
			"resolved": "https://registry.npmjs.org/process-nextick-args/-/process-nextick-args-2.0.1.tgz",
			"integrity": "sha1-eCDZsWEgzFXKmud5JoCufbptf+I="
		},
		"promise": {
			"version": "7.3.1",
			"resolved": "https://registry.npmjs.org/promise/-/promise-7.3.1.tgz",
			"integrity": "sha1-BktyYCsY+Q8pGSuLG8QY/9Hr078=",
			"requires": {
				"asap": "~2.0.3"
			}
		},
		"prop-types": {
			"version": "15.7.2",
			"resolved": "https://registry.npmjs.org/prop-types/-/prop-types-15.7.2.tgz",
			"integrity": "sha1-UsQedbjIfnK52TYOAga5ncv/psU=",
			"requires": {
				"loose-envify": "^1.4.0",
				"object-assign": "^4.1.1",
				"react-is": "^16.8.1"
			}
		},
		"queue": {
			"version": "6.0.1",
			"resolved": "https://registry.npmjs.org/queue/-/queue-6.0.1.tgz",
			"integrity": "sha1-q9WlsDdpEvBwolcp4Lan1WVoN5E=",
			"requires": {
				"inherits": "~2.0.3"
			}
		},
		"react": {
			"version": "16.13.0",
			"resolved": "https://registry.npmjs.org/react/-/react-16.13.0.tgz",
			"integrity": "sha1-0EbqvN9k5Fe77tHnkuI14bmTTPc=",
			"requires": {
				"loose-envify": "^1.1.0",
				"object-assign": "^4.1.1",
				"prop-types": "^15.6.2"
			}
		},
		"react-dom": {
			"version": "16.13.0",
			"resolved": "https://registry.npmjs.org/react-dom/-/react-dom-16.13.0.tgz",
			"integrity": "sha1-zd5UtI656KDKGz3JlD2btAm4GGY=",
			"requires": {
				"loose-envify": "^1.1.0",
				"object-assign": "^4.1.1",
				"prop-types": "^15.6.2",
				"scheduler": "^0.19.0"
			}
		},
		"react-is": {
			"version": "16.13.0",
			"resolved": "https://registry.npmjs.org/react-is/-/react-is-16.13.0.tgz",
			"integrity": "sha1-DzfDYTw0/ms3zX92Og1ik6sVxSc="
		},
		"readable-stream": {
			"version": "2.3.7",
			"resolved": "https://registry.npmjs.org/readable-stream/-/readable-stream-2.3.7.tgz",
			"integrity": "sha1-Hsoc9xGu+BTAT2IlKjamL2yyO1c=",
			"requires": {
				"core-util-is": "~1.0.0",
				"inherits": "~2.0.3",
				"isarray": "~1.0.0",
				"process-nextick-args": "~2.0.0",
				"safe-buffer": "~5.1.1",
				"string_decoder": "~1.1.1",
				"util-deprecate": "~1.0.1"
			}
		},
		"safe-buffer": {
			"version": "5.1.2",
			"resolved": "https://registry.npmjs.org/safe-buffer/-/safe-buffer-5.1.2.tgz",
			"integrity": "sha1-mR7GnSluAxN0fVm9/St0XDX4go0="
		},
		"safer-buffer": {
			"version": "2.1.2",
			"resolved": "https://registry.npmjs.org/safer-buffer/-/safer-buffer-2.1.2.tgz",
			"integrity": "sha1-RPoWGwGHuVSd2Eu5GAL5vYOFzWo="
		},
		"scheduler": {
			"version": "0.19.0",
			"resolved": "https://registry.npmjs.org/scheduler/-/scheduler-0.19.0.tgz",
			"integrity": "sha1-pxXVYwLeQD33QvSpvhGXWzL1aY0=",
			"requires": {
				"loose-envify": "^1.1.0",
				"object-assign": "^4.1.1"
			}
		},
		"set-immediate-shim": {
			"version": "1.0.1",
			"resolved": "https://registry.npmjs.org/set-immediate-shim/-/set-immediate-shim-1.0.1.tgz",
			"integrity": "sha1-SysbJ+uAip+NzEgaWOXlb1mfP2E="
		},
		"setimmediate": {
			"version": "1.0.5",
			"resolved": "https://registry.npmjs.org/setimmediate/-/setimmediate-1.0.5.tgz",
			"integrity": "sha1-KQy7Iy4waULX1+qbg3Mqt4VvgoU="
		},
		"string_decoder": {
			"version": "1.1.1",
			"resolved": "https://registry.npmjs.org/string_decoder/-/string_decoder-1.1.1.tgz",
			"integrity": "sha1-nPFhG6YmhdcDCunkujQUnDrwP8g=",
			"requires": {
				"safe-buffer": "~5.1.0"
			}
		},
		"tinycolor2": {
			"version": "1.4.1",
			"resolved": "https://registry.npmjs.org/tinycolor2/-/tinycolor2-1.4.1.tgz",
			"integrity": "sha1-9PrTM0R7wLB9TcjpIJ2POaisd+g="
		},
		"ua-parser-js": {
			"version": "0.7.21",
			"resolved": "https://registry.npmjs.org/ua-parser-js/-/ua-parser-js-0.7.21.tgz",
			"integrity": "sha1-hTz5zpP2QvZxdCc8w0Vlrm8wh3c="
		},
		"util-deprecate": {
			"version": "1.0.2",
			"resolved": "https://registry.npmjs.org/util-deprecate/-/util-deprecate-1.0.2.tgz",
			"integrity": "sha1-RQ1Nyfpw3nMnYvvS1KKJgUGaDM8="
		},
		"whatwg-fetch": {
			"version": "3.0.0",
			"resolved": "https://registry.npmjs.org/whatwg-fetch/-/whatwg-fetch-3.0.0.tgz",
			"integrity": "sha1-/IBORYzEYACbGiuWa8iBfSV4rvs="
		}
	}
}
